
Microsoft Visual Studio Solution File, Format Version 12.00
# Visual Studio 15
VisualStudioVersion = 15.0.27428.2002
MinimumVisualStudioVersion = 10.0.40219.1
Project("{FAE04EC0-301F-11D3-BF4B-00C04F79EFBC}") = "GestionClientes", "GestionClientes\GestionClientes.csproj", "{AD48F1A3-D64E-4C4D-A81F-D4E7F3270F8D}"
EndProject
Global
	GlobalSection(SolutionConfigurationPlatforms) = preSolution
		Debug|Any CPU = Debug|Any CPU
		Release|Any CPU = Release|Any CPU
	EndGlobalSection
	GlobalSection(ProjectConfigurationPlatforms) = postSolution
		{AD48F1A3-D64E-4C4D-A81F-D4E7F3270F8D}.Debug|Any CPU.ActiveCfg = Debug|Any CPU
		{AD48F1A3-D64E-4C4D-A81F-D4E7F3270F8D}.Debug|Any CPU.Build.0 = Debug|Any CPU
		{AD48F1A3-D64E-4C4D-A81F-D4E7F3270F8D}.Release|Any CPU.ActiveCfg = Release|Any CPU
		{AD48F1A3-D64E-4C4D-A81F-D4E7F3270F8D}.Release|Any CPU.Build.0 = Release|Any CPU
	EndGlobalSection
	GlobalSection(SolutionProperties) = preSolution
		HideSolutionNode = FALSE
	EndGlobalSection
	GlobalSection(ExtensibilityGlobals) = postSolution
		SolutionGuid = {6664C79A-B112-4B64-9919-19CF595ACFB2}
	EndGlobalSection
EndGlobal
